
Microsoft Visual Studio Solution File, Format Version 12.00
# Visual Studio 15
VisualStudioVersion = 15.0.28010.2003
MinimumVisualStudioVersion = 10.0.40219.1
Project("{9A19103F-16F7-4668-BE54-9A1E7A4F7556}") = "SIS.HTTP", "SIS.HTTP\SIS.HTTP.csproj", "{488F8FBA-453C-4503-8E8A-DDC74F87F764}"
EndProject
Project("{9A19103F-16F7-4668-BE54-9A1E7A4F7556}") = "SIS.WebServer", "SIS.WebServer\SIS.WebServer.csproj", "{7EB79F1A-F119-4281-8264-85FA9F9464BB}"
EndProject
Project("{9A19103F-16F7-4668-BE54-9A1E7A4F7556}") = "SIS.Framework", "SIS.Framework\SIS.Framework.csproj", "{7A278419-5A14-4650-A55C-AD6914D7E147}"
EndProject
Project("{9A19103F-16F7-4668-BE54-9A1E7A4F7556}") = "SIS.FrameworkDemo", "SIS.FrameworkDemo\SIS.FrameworkDemo.csproj", "{28A6DAF9-F942-4DBD-9249-FB66C44D511E}"
EndProject
Project("{2150E333-8FDC-42A3-9474-1A3956D46DE8}") = "Apps", "Apps", "{C15560F8-8589-4D94-B646-FF7DD2A2FF8A}"
EndProject
Project("{2150E333-8FDC-42A3-9474-1A3956D46DE8}") = "FrameworkDemo", "FrameworkDemo", "{CA75F458-8445-406D-853D-2EBC3FDD0ED7}"
EndProject
Project("{2150E333-8FDC-42A3-9474-1A3956D46DE8}") = "IRunes", "IRunes", "{843E9ABF-8ECF-4D18-BCEB-32FB0F9D04A1}"
EndProject
Project("{FAE04EC0-301F-11D3-BF4B-00C04F79EFBC}") = "IRunes.Models", "IRunes.Models\IRunes.Models.csproj", "{49C27BEC-FEC6-42E0-A7F6-46CA8F032801}"
EndProject
Project("{FAE04EC0-301F-11D3-BF4B-00C04F79EFBC}") = "IRunes.Data", "IRunes.Data\IRunes.Data.csproj", "{321421D8-A0EF-432A-8763-8068CD02D50C}"
EndProject
Project("{FAE04EC0-301F-11D3-BF4B-00C04F79EFBC}") = "IRunes.App", "IRunes.App\IRunes.App.csproj", "{3C936C71-A40F-497C-ACC2-B5463F440D0A}"
EndProject
Project("{FAE04EC0-301F-11D3-BF4B-00C04F79EFBC}") = "IRunes.Services", "IRunes.Services\IRunes.Services.csproj", "{7B4C753A-E5BB-4469-B3D2-94CA0BFFAAC6}"
EndProject
Global
	GlobalSection(SolutionConfigurationPlatforms) = preSolution
		Debug|Any CPU = Debug|Any CPU
		Release|Any CPU = Release|Any CPU
	EndGlobalSection
	GlobalSection(ProjectConfigurationPlatforms) = postSolution
		{488F8FBA-453C-4503-8E8A-DDC74F87F764}.Debug|Any CPU.ActiveCfg = Debug|Any CPU
		{488F8FBA-453C-4503-8E8A-DDC74F87F764}.Debug|Any CPU.Build.0 = Debug|Any CPU
		{488F8FBA-453C-4503-8E8A-DDC74F87F764}.Release|Any CPU.ActiveCfg = Release|Any CPU
		{488F8FBA-453C-4503-8E8A-DDC74F87F764}.Release|Any CPU.Build.0 = Release|Any CPU
		{7EB79F1A-F119-4281-8264-85FA9F9464BB}.Debug|Any CPU.ActiveCfg = Debug|Any CPU
		{7EB79F1A-F119-4281-8264-85FA9F9464BB}.Debug|Any CPU.Build.0 = Debug|Any CPU
		{7EB79F1A-F119-4281-8264-85FA9F9464BB}.Release|Any CPU.ActiveCfg = Release|Any CPU
		{7EB79F1A-F119-4281-8264-85FA9F9464BB}.Release|Any CPU.Build.0 = Release|Any CPU
		{7A278419-5A14-4650-A55C-AD6914D7E147}.Debug|Any CPU.ActiveCfg = Debug|Any CPU
		{7A278419-5A14-4650-A55C-AD6914D7E147}.Debug|Any CPU.Build.0 = Debug|Any CPU
		{7A278419-5A14-4650-A55C-AD6914D7E147}.Release|Any CPU.ActiveCfg = Release|Any CPU
		{7A278419-5A14-4650-A55C-AD6914D7E147}.Release|Any CPU.Build.0 = Release|Any CPU
		{28A6DAF9-F942-4DBD-9249-FB66C44D511E}.Debug|Any CPU.ActiveCfg = Debug|Any CPU
		{28A6DAF9-F942-4DBD-9249-FB66C44D511E}.Debug|Any CPU.Build.0 = Debug|Any CPU
		{28A6DAF9-F942-4DBD-9249-FB66C44D511E}.Release|Any CPU.ActiveCfg = Release|Any CPU
		{28A6DAF9-F942-4DBD-9249-FB66C44D511E}.Release|Any CPU.Build.0 = Release|Any CPU
		{49C27BEC-FEC6-42E0-A7F6-46CA8F032801}.Debug|Any CPU.ActiveCfg = Debug|Any CPU
		{49C27BEC-FEC6-42E0-A7F6-46CA8F032801}.Debug|Any CPU.Build.0 = Debug|Any CPU
		{49C27BEC-FEC6-42E0-A7F6-46CA8F032801}.Release|Any CPU.ActiveCfg = Release|Any CPU
		{49C27BEC-FEC6-42E0-A7F6-46CA8F032801}.Release|Any CPU.Build.0 = Release|Any CPU
		{321421D8-A0EF-432A-8763-8068CD02D50C}.Debug|Any CPU.ActiveCfg = Debug|Any CPU
		{321421D8-A0EF-432A-8763-8068CD02D50C}.Debug|Any CPU.Build.0 = Debug|Any CPU
		{321421D8-A0EF-432A-8763-8068CD02D50C}.Release|Any CPU.ActiveCfg = Release|Any CPU
		{321421D8-A0EF-432A-8763-8068CD02D50C}.Release|Any CPU.Build.0 = Release|Any CPU
		{3C936C71-A40F-497C-ACC2-B5463F440D0A}.Debug|Any CPU.ActiveCfg = Debug|Any CPU
		{3C936C71-A40F-497C-ACC2-B5463F440D0A}.Debug|Any CPU.Build.0 = Debug|Any CPU
		{3C936C71-A40F-497C-ACC2-B5463F440D0A}.Release|Any CPU.ActiveCfg = Release|Any CPU
		{3C936C71-A40F-497C-ACC2-B5463F440D0A}.Release|Any CPU.Build.0 = Release|Any CPU
		{7B4C753A-E5BB-4469-B3D2-94CA0BFFAAC6}.Debug|Any CPU.ActiveCfg = Debug|Any CPU
		{7B4C753A-E5BB-4469-B3D2-94CA0BFFAAC6}.Debug|Any CPU.Build.0 = Debug|Any CPU
		{7B4C753A-E5BB-4469-B3D2-94CA0BFFAAC6}.Release|Any CPU.ActiveCfg = Release|Any CPU
		{7B4C753A-E5BB-4469-B3D2-94CA0BFFAAC6}.Release|Any CPU.Build.0 = Release|Any CPU
	EndGlobalSection
	GlobalSection(SolutionProperties) = preSolution
		HideSolutionNode = FALSE
	EndGlobalSection
	GlobalSection(NestedProjects) = preSolution
		{28A6DAF9-F942-4DBD-9249-FB66C44D511E} = {CA75F458-8445-406D-853D-2EBC3FDD0ED7}
		{CA75F458-8445-406D-853D-2EBC3FDD0ED7} = {C15560F8-8589-4D94-B646-FF7DD2A2FF8A}
		{843E9ABF-8ECF-4D18-BCEB-32FB0F9D04A1} = {C15560F8-8589-4D94-B646-FF7DD2A2FF8A}
		{49C27BEC-FEC6-42E0-A7F6-46CA8F032801} = {843E9ABF-8ECF-4D18-BCEB-32FB0F9D04A1}
		{321421D8-A0EF-432A-8763-8068CD02D50C} = {843E9ABF-8ECF-4D18-BCEB-32FB0F9D04A1}
		{3C936C71-A40F-497C-ACC2-B5463F440D0A} = {843E9ABF-8ECF-4D18-BCEB-32FB0F9D04A1}
		{7B4C753A-E5BB-4469-B3D2-94CA0BFFAAC6} = {843E9ABF-8ECF-4D18-BCEB-32FB0F9D04A1}
	EndGlobalSection
	GlobalSection(ExtensibilityGlobals) = postSolution
		SolutionGuid = {14A853B3-FC44-4357-8549-AF66448277CD}
	EndGlobalSection
EndGlobal
