
Microsoft Visual Studio Solution File, Format Version 12.00
# Visual Studio 15
VisualStudioVersion = 15.0.27004.2008
MinimumVisualStudioVersion = 10.0.40219.1
Project("{FAE04EC0-301F-11D3-BF4B-00C04F79EFBC}") = "01.Shapes", "Interfaces and Abstraction - Lab\01.Shapes.csproj", "{1D2AE64A-BC1B-4CDB-B1B5-7C0D633956EC}"
EndProject
Project("{FAE04EC0-301F-11D3-BF4B-00C04F79EFBC}") = "02Cars", "02Cars\02Cars.csproj", "{EF5D2792-BBF1-44D4-9EDC-9441A87D200B}"
EndProject
Global
	GlobalSection(SolutionConfigurationPlatforms) = preSolution
		Debug|Any CPU = Debug|Any CPU
		Release|Any CPU = Release|Any CPU
	EndGlobalSection
	GlobalSection(ProjectConfigurationPlatforms) = postSolution
		{1D2AE64A-BC1B-4CDB-B1B5-7C0D633956EC}.Debug|Any CPU.ActiveCfg = Debug|Any CPU
		{1D2AE64A-BC1B-4CDB-B1B5-7C0D633956EC}.Debug|Any CPU.Build.0 = Debug|Any CPU
		{1D2AE64A-BC1B-4CDB-B1B5-7C0D633956EC}.Release|Any CPU.ActiveCfg = Release|Any CPU
		{1D2AE64A-BC1B-4CDB-B1B5-7C0D633956EC}.Release|Any CPU.Build.0 = Release|Any CPU
		{EF5D2792-BBF1-44D4-9EDC-9441A87D200B}.Debug|Any CPU.ActiveCfg = Debug|Any CPU
		{EF5D2792-BBF1-44D4-9EDC-9441A87D200B}.Debug|Any CPU.Build.0 = Debug|Any CPU
		{EF5D2792-BBF1-44D4-9EDC-9441A87D200B}.Release|Any CPU.ActiveCfg = Release|Any CPU
		{EF5D2792-BBF1-44D4-9EDC-9441A87D200B}.Release|Any CPU.Build.0 = Release|Any CPU
	EndGlobalSection
	GlobalSection(SolutionProperties) = preSolution
		HideSolutionNode = FALSE
	EndGlobalSection
	GlobalSection(ExtensibilityGlobals) = postSolution
		SolutionGuid = {0187D29B-B5A0-42B0-9C85-6A8F2A81240C}
	EndGlobalSection
EndGlobal
