
Microsoft Visual Studio Solution File, Format Version 12.00
# Visual Studio 15
VisualStudioVersion = 15.0.27004.2008
MinimumVisualStudioVersion = 10.0.40219.1
Project("{FAE04EC0-301F-11D3-BF4B-00C04F79EFBC}") = "Matrices - Exercise", "Matrices - Exercise\Matrices - Exercise.csproj", "{A2A59325-7992-4475-BED9-A7646E7EF029}"
EndProject
Global
	GlobalSection(SolutionConfigurationPlatforms) = preSolution
		Debug|Any CPU = Debug|Any CPU
		Release|Any CPU = Release|Any CPU
	EndGlobalSection
	GlobalSection(ProjectConfigurationPlatforms) = postSolution
		{A2A59325-7992-4475-BED9-A7646E7EF029}.Debug|Any CPU.ActiveCfg = Debug|Any CPU
		{A2A59325-7992-4475-BED9-A7646E7EF029}.Debug|Any CPU.Build.0 = Debug|Any CPU
		{A2A59325-7992-4475-BED9-A7646E7EF029}.Release|Any CPU.ActiveCfg = Release|Any CPU
		{A2A59325-7992-4475-BED9-A7646E7EF029}.Release|Any CPU.Build.0 = Release|Any CPU
	EndGlobalSection
	GlobalSection(SolutionProperties) = preSolution
		HideSolutionNode = FALSE
	EndGlobalSection
	GlobalSection(ExtensibilityGlobals) = postSolution
		SolutionGuid = {425F1809-4BAD-4B95-9878-440403155C7B}
	EndGlobalSection
EndGlobal
