
Microsoft Visual Studio Solution File, Format Version 12.00
# Visual Studio 15
VisualStudioVersion = 15.0.27004.2008
MinimumVisualStudioVersion = 10.0.40219.1
Project("{FAE04EC0-301F-11D3-BF4B-00C04F79EFBC}") = "Stacks and Queues - Exercise", "Stacks and Queues - Exercise\Stacks and Queues - Exercise.csproj", "{1FD290E0-20C2-4CB5-9A12-23FC725A175E}"
EndProject
Project("{FAE04EC0-301F-11D3-BF4B-00C04F79EFBC}") = "01. Reverse Numbers", "01. Reverse Numbers\01. Reverse Numbers.csproj", "{D2014BA1-D17E-4A19-AAE8-8894A84392CF}"
EndProject
Project("{FAE04EC0-301F-11D3-BF4B-00C04F79EFBC}") = "02. Basic Stack Operations", "02. Basic Stack Operations\02. Basic Stack Operations.csproj", "{42368B04-4EB5-47CA-A3F9-B82BC98FEF79}"
EndProject
Global
	GlobalSection(SolutionConfigurationPlatforms) = preSolution
		Debug|Any CPU = Debug|Any CPU
		Release|Any CPU = Release|Any CPU
	EndGlobalSection
	GlobalSection(ProjectConfigurationPlatforms) = postSolution
		{1FD290E0-20C2-4CB5-9A12-23FC725A175E}.Debug|Any CPU.ActiveCfg = Debug|Any CPU
		{1FD290E0-20C2-4CB5-9A12-23FC725A175E}.Debug|Any CPU.Build.0 = Debug|Any CPU
		{1FD290E0-20C2-4CB5-9A12-23FC725A175E}.Release|Any CPU.ActiveCfg = Release|Any CPU
		{1FD290E0-20C2-4CB5-9A12-23FC725A175E}.Release|Any CPU.Build.0 = Release|Any CPU
		{D2014BA1-D17E-4A19-AAE8-8894A84392CF}.Debug|Any CPU.ActiveCfg = Debug|Any CPU
		{D2014BA1-D17E-4A19-AAE8-8894A84392CF}.Debug|Any CPU.Build.0 = Debug|Any CPU
		{D2014BA1-D17E-4A19-AAE8-8894A84392CF}.Release|Any CPU.ActiveCfg = Release|Any CPU
		{D2014BA1-D17E-4A19-AAE8-8894A84392CF}.Release|Any CPU.Build.0 = Release|Any CPU
		{42368B04-4EB5-47CA-A3F9-B82BC98FEF79}.Debug|Any CPU.ActiveCfg = Debug|Any CPU
		{42368B04-4EB5-47CA-A3F9-B82BC98FEF79}.Debug|Any CPU.Build.0 = Debug|Any CPU
		{42368B04-4EB5-47CA-A3F9-B82BC98FEF79}.Release|Any CPU.ActiveCfg = Release|Any CPU
		{42368B04-4EB5-47CA-A3F9-B82BC98FEF79}.Release|Any CPU.Build.0 = Release|Any CPU
	EndGlobalSection
	GlobalSection(SolutionProperties) = preSolution
		HideSolutionNode = FALSE
	EndGlobalSection
	GlobalSection(ExtensibilityGlobals) = postSolution
		SolutionGuid = {6E08C0CB-A39F-4F1B-B7B5-9E7498338A43}
	EndGlobalSection
EndGlobal
