
Microsoft Visual Studio Solution File, Format Version 12.00
# Visual Studio 15
VisualStudioVersion = 15.0.28307.102
MinimumVisualStudioVersion = 10.0.40219.1
Project("{FAE04EC0-301F-11D3-BF4B-00C04F79EFBC}") = "BudEx", "BudEx\BudEx.csproj", "{095C6DF1-9894-4DD2-ABA1-21CE026CDD1F}"
EndProject
Project("{FAE04EC0-301F-11D3-BF4B-00C04F79EFBC}") = "BudEx.Data", "BudEx.Data\BudEx.Data.csproj", "{10DC50E6-F416-489C-BD52-B895B4AFEDE0}"
EndProject
Global
	GlobalSection(SolutionConfigurationPlatforms) = preSolution
		Debug|Any CPU = Debug|Any CPU
		Release|Any CPU = Release|Any CPU
	EndGlobalSection
	GlobalSection(ProjectConfigurationPlatforms) = postSolution
		{095C6DF1-9894-4DD2-ABA1-21CE026CDD1F}.Debug|Any CPU.ActiveCfg = Debug|Any CPU
		{095C6DF1-9894-4DD2-ABA1-21CE026CDD1F}.Debug|Any CPU.Build.0 = Debug|Any CPU
		{095C6DF1-9894-4DD2-ABA1-21CE026CDD1F}.Release|Any CPU.ActiveCfg = Release|Any CPU
		{095C6DF1-9894-4DD2-ABA1-21CE026CDD1F}.Release|Any CPU.Build.0 = Release|Any CPU
		{10DC50E6-F416-489C-BD52-B895B4AFEDE0}.Debug|Any CPU.ActiveCfg = Debug|Any CPU
		{10DC50E6-F416-489C-BD52-B895B4AFEDE0}.Debug|Any CPU.Build.0 = Debug|Any CPU
		{10DC50E6-F416-489C-BD52-B895B4AFEDE0}.Release|Any CPU.ActiveCfg = Release|Any CPU
		{10DC50E6-F416-489C-BD52-B895B4AFEDE0}.Release|Any CPU.Build.0 = Release|Any CPU
	EndGlobalSection
	GlobalSection(SolutionProperties) = preSolution
		HideSolutionNode = FALSE
	EndGlobalSection
	GlobalSection(ExtensibilityGlobals) = postSolution
		SolutionGuid = {450AC6D4-52A2-41DB-B85D-770C69599AE3}
	EndGlobalSection
EndGlobal
