
Microsoft Visual Studio Solution File, Format Version 12.00
# Visual Studio 15
VisualStudioVersion = 15.0.27428.2002
MinimumVisualStudioVersion = 10.0.40219.1
Project("{FAE04EC0-301F-11D3-BF4B-00C04F79EFBC}") = "GenericBox", "GenericBox\GenericBox.csproj", "{9E3A1A75-9AA6-42F6-BD21-6E9B7F35F93A}"
EndProject
Project("{FAE04EC0-301F-11D3-BF4B-00C04F79EFBC}") = "CustomList", "CustomList\CustomList.csproj", "{2040BCC1-FE49-42A1-9277-F926FD1B7A94}"
EndProject
Project("{FAE04EC0-301F-11D3-BF4B-00C04F79EFBC}") = "10.Tuple", "10.Tuple\10.Tuple.csproj", "{838CA1BD-A195-48C2-9356-FE66DFC16C5F}"
EndProject
Project("{FAE04EC0-301F-11D3-BF4B-00C04F79EFBC}") = "11.Threeuple", "11.Threeuple\11.Threeuple.csproj", "{78B6AF6C-24F9-4624-B9E9-25DD36323314}"
EndProject
Global
	GlobalSection(SolutionConfigurationPlatforms) = preSolution
		Debug|Any CPU = Debug|Any CPU
		Release|Any CPU = Release|Any CPU
	EndGlobalSection
	GlobalSection(ProjectConfigurationPlatforms) = postSolution
		{9E3A1A75-9AA6-42F6-BD21-6E9B7F35F93A}.Debug|Any CPU.ActiveCfg = Debug|Any CPU
		{9E3A1A75-9AA6-42F6-BD21-6E9B7F35F93A}.Debug|Any CPU.Build.0 = Debug|Any CPU
		{9E3A1A75-9AA6-42F6-BD21-6E9B7F35F93A}.Release|Any CPU.ActiveCfg = Release|Any CPU
		{9E3A1A75-9AA6-42F6-BD21-6E9B7F35F93A}.Release|Any CPU.Build.0 = Release|Any CPU
		{2040BCC1-FE49-42A1-9277-F926FD1B7A94}.Debug|Any CPU.ActiveCfg = Debug|Any CPU
		{2040BCC1-FE49-42A1-9277-F926FD1B7A94}.Debug|Any CPU.Build.0 = Debug|Any CPU
		{2040BCC1-FE49-42A1-9277-F926FD1B7A94}.Release|Any CPU.ActiveCfg = Release|Any CPU
		{2040BCC1-FE49-42A1-9277-F926FD1B7A94}.Release|Any CPU.Build.0 = Release|Any CPU
		{838CA1BD-A195-48C2-9356-FE66DFC16C5F}.Debug|Any CPU.ActiveCfg = Debug|Any CPU
		{838CA1BD-A195-48C2-9356-FE66DFC16C5F}.Debug|Any CPU.Build.0 = Debug|Any CPU
		{838CA1BD-A195-48C2-9356-FE66DFC16C5F}.Release|Any CPU.ActiveCfg = Release|Any CPU
		{838CA1BD-A195-48C2-9356-FE66DFC16C5F}.Release|Any CPU.Build.0 = Release|Any CPU
		{78B6AF6C-24F9-4624-B9E9-25DD36323314}.Debug|Any CPU.ActiveCfg = Debug|Any CPU
		{78B6AF6C-24F9-4624-B9E9-25DD36323314}.Debug|Any CPU.Build.0 = Debug|Any CPU
		{78B6AF6C-24F9-4624-B9E9-25DD36323314}.Release|Any CPU.ActiveCfg = Release|Any CPU
		{78B6AF6C-24F9-4624-B9E9-25DD36323314}.Release|Any CPU.Build.0 = Release|Any CPU
	EndGlobalSection
	GlobalSection(SolutionProperties) = preSolution
		HideSolutionNode = FALSE
	EndGlobalSection
	GlobalSection(ExtensibilityGlobals) = postSolution
		SolutionGuid = {E0428A9A-6790-45D1-BDC4-69F7D918976B}
	EndGlobalSection
EndGlobal
