
Microsoft Visual Studio Solution File, Format Version 12.00
# Visual Studio 15
VisualStudioVersion = 15.0.28010.2036
MinimumVisualStudioVersion = 10.0.40219.1
Project("{FAE04EC0-301F-11D3-BF4B-00C04F79EFBC}") = "PandaAsp2", "PandaAsp2\PandaAsp2.csproj", "{CB993428-B197-4DAD-9CBD-96F5154BCCF2}"
EndProject
Global
	GlobalSection(SolutionConfigurationPlatforms) = preSolution
		Debug|Any CPU = Debug|Any CPU
		Release|Any CPU = Release|Any CPU
	EndGlobalSection
	GlobalSection(ProjectConfigurationPlatforms) = postSolution
		{CB993428-B197-4DAD-9CBD-96F5154BCCF2}.Debug|Any CPU.ActiveCfg = Debug|Any CPU
		{CB993428-B197-4DAD-9CBD-96F5154BCCF2}.Debug|Any CPU.Build.0 = Debug|Any CPU
		{CB993428-B197-4DAD-9CBD-96F5154BCCF2}.Release|Any CPU.ActiveCfg = Release|Any CPU
		{CB993428-B197-4DAD-9CBD-96F5154BCCF2}.Release|Any CPU.Build.0 = Release|Any CPU
	EndGlobalSection
	GlobalSection(SolutionProperties) = preSolution
		HideSolutionNode = FALSE
	EndGlobalSection
	GlobalSection(ExtensibilityGlobals) = postSolution
		SolutionGuid = {108EA44D-13CA-49A1-81C3-38C8E28012DE}
	EndGlobalSection
EndGlobal
