
Microsoft Visual Studio Solution File, Format Version 12.00
# Visual Studio 15
VisualStudioVersion = 15.0.27004.2008
MinimumVisualStudioVersion = 10.0.40219.1
Project("{FAE04EC0-301F-11D3-BF4B-00C04F79EFBC}") = "Encapsulation-Exercise", "Encapsulation-Exercise\Encapsulation-Exercise.csproj", "{4316F8E4-A683-47A4-8B8A-D2182F0683D4}"
EndProject
Project("{FAE04EC0-301F-11D3-BF4B-00C04F79EFBC}") = "01.ClassBox", "01.ClassBox\01.ClassBox.csproj", "{1DA9EA22-D099-4F61-89BE-AD26419D577C}"
EndProject
Project("{FAE04EC0-301F-11D3-BF4B-00C04F79EFBC}") = "02.ClassBoxDataValidation", "02.ClassBoxDataValidation\02.ClassBoxDataValidation.csproj", "{5FD71D61-C5C5-4F3F-B1D8-19626EDBE4CC}"
EndProject
Project("{FAE04EC0-301F-11D3-BF4B-00C04F79EFBC}") = "03.AnimalFarm", "03.AnimalFarm\03.AnimalFarm.csproj", "{F7D17636-37BF-4A0B-9CB0-B72324C4ED3F}"
EndProject
Project("{FAE04EC0-301F-11D3-BF4B-00C04F79EFBC}") = "04.ShoppingSpree", "04.ShoppingSpree\04.ShoppingSpree.csproj", "{F269A40E-2B1B-4F2F-8871-6FA224C91804}"
EndProject
Project("{FAE04EC0-301F-11D3-BF4B-00C04F79EFBC}") = "05.PizzaCalories", "05.PizzaCalories\05.PizzaCalories.csproj", "{C49C26EE-7445-40D9-81A7-3DDD65C95FC9}"
EndProject
Project("{FAE04EC0-301F-11D3-BF4B-00C04F79EFBC}") = "05.Pizza2.0", "05.Pizza2.0\05.Pizza2.0.csproj", "{E6C016C1-1D8C-44C2-B0B4-5DED7B70D105}"
EndProject
Project("{FAE04EC0-301F-11D3-BF4B-00C04F79EFBC}") = "06.FootballTeamGenerator", "06.FootballTeamGenerator\06.FootballTeamGenerator.csproj", "{4A9B2089-CD7D-4192-AFA6-734B6C86E2FA}"
EndProject
Global
	GlobalSection(SolutionConfigurationPlatforms) = preSolution
		Debug|Any CPU = Debug|Any CPU
		Release|Any CPU = Release|Any CPU
	EndGlobalSection
	GlobalSection(ProjectConfigurationPlatforms) = postSolution
		{4316F8E4-A683-47A4-8B8A-D2182F0683D4}.Debug|Any CPU.ActiveCfg = Debug|Any CPU
		{4316F8E4-A683-47A4-8B8A-D2182F0683D4}.Debug|Any CPU.Build.0 = Debug|Any CPU
		{4316F8E4-A683-47A4-8B8A-D2182F0683D4}.Release|Any CPU.ActiveCfg = Release|Any CPU
		{4316F8E4-A683-47A4-8B8A-D2182F0683D4}.Release|Any CPU.Build.0 = Release|Any CPU
		{1DA9EA22-D099-4F61-89BE-AD26419D577C}.Debug|Any CPU.ActiveCfg = Debug|Any CPU
		{1DA9EA22-D099-4F61-89BE-AD26419D577C}.Debug|Any CPU.Build.0 = Debug|Any CPU
		{1DA9EA22-D099-4F61-89BE-AD26419D577C}.Release|Any CPU.ActiveCfg = Release|Any CPU
		{1DA9EA22-D099-4F61-89BE-AD26419D577C}.Release|Any CPU.Build.0 = Release|Any CPU
		{5FD71D61-C5C5-4F3F-B1D8-19626EDBE4CC}.Debug|Any CPU.ActiveCfg = Debug|Any CPU
		{5FD71D61-C5C5-4F3F-B1D8-19626EDBE4CC}.Debug|Any CPU.Build.0 = Debug|Any CPU
		{5FD71D61-C5C5-4F3F-B1D8-19626EDBE4CC}.Release|Any CPU.ActiveCfg = Release|Any CPU
		{5FD71D61-C5C5-4F3F-B1D8-19626EDBE4CC}.Release|Any CPU.Build.0 = Release|Any CPU
		{F7D17636-37BF-4A0B-9CB0-B72324C4ED3F}.Debug|Any CPU.ActiveCfg = Debug|Any CPU
		{F7D17636-37BF-4A0B-9CB0-B72324C4ED3F}.Debug|Any CPU.Build.0 = Debug|Any CPU
		{F7D17636-37BF-4A0B-9CB0-B72324C4ED3F}.Release|Any CPU.ActiveCfg = Release|Any CPU
		{F7D17636-37BF-4A0B-9CB0-B72324C4ED3F}.Release|Any CPU.Build.0 = Release|Any CPU
		{F269A40E-2B1B-4F2F-8871-6FA224C91804}.Debug|Any CPU.ActiveCfg = Debug|Any CPU
		{F269A40E-2B1B-4F2F-8871-6FA224C91804}.Debug|Any CPU.Build.0 = Debug|Any CPU
		{F269A40E-2B1B-4F2F-8871-6FA224C91804}.Release|Any CPU.ActiveCfg = Release|Any CPU
		{F269A40E-2B1B-4F2F-8871-6FA224C91804}.Release|Any CPU.Build.0 = Release|Any CPU
		{C49C26EE-7445-40D9-81A7-3DDD65C95FC9}.Debug|Any CPU.ActiveCfg = Debug|Any CPU
		{C49C26EE-7445-40D9-81A7-3DDD65C95FC9}.Debug|Any CPU.Build.0 = Debug|Any CPU
		{C49C26EE-7445-40D9-81A7-3DDD65C95FC9}.Release|Any CPU.ActiveCfg = Release|Any CPU
		{C49C26EE-7445-40D9-81A7-3DDD65C95FC9}.Release|Any CPU.Build.0 = Release|Any CPU
		{E6C016C1-1D8C-44C2-B0B4-5DED7B70D105}.Debug|Any CPU.ActiveCfg = Debug|Any CPU
		{E6C016C1-1D8C-44C2-B0B4-5DED7B70D105}.Debug|Any CPU.Build.0 = Debug|Any CPU
		{E6C016C1-1D8C-44C2-B0B4-5DED7B70D105}.Release|Any CPU.ActiveCfg = Release|Any CPU
		{E6C016C1-1D8C-44C2-B0B4-5DED7B70D105}.Release|Any CPU.Build.0 = Release|Any CPU
		{4A9B2089-CD7D-4192-AFA6-734B6C86E2FA}.Debug|Any CPU.ActiveCfg = Debug|Any CPU
		{4A9B2089-CD7D-4192-AFA6-734B6C86E2FA}.Debug|Any CPU.Build.0 = Debug|Any CPU
		{4A9B2089-CD7D-4192-AFA6-734B6C86E2FA}.Release|Any CPU.ActiveCfg = Release|Any CPU
		{4A9B2089-CD7D-4192-AFA6-734B6C86E2FA}.Release|Any CPU.Build.0 = Release|Any CPU
	EndGlobalSection
	GlobalSection(SolutionProperties) = preSolution
		HideSolutionNode = FALSE
	EndGlobalSection
	GlobalSection(ExtensibilityGlobals) = postSolution
		SolutionGuid = {4B0896C6-00F9-4B82-9401-540F397D7253}
	EndGlobalSection
EndGlobal
