
Microsoft Visual Studio Solution File, Format Version 12.00
# Visual Studio 15
VisualStudioVersion = 15.0.27004.2008
MinimumVisualStudioVersion = 10.0.40219.1
Project("{FAE04EC0-301F-11D3-BF4B-00C04F79EFBC}") = "Stacks and Queues", "Stacks and Queues\Stacks and Queues.csproj", "{AE247706-2D28-4125-AD24-5A16AC028BFA}"
EndProject
Project("{FAE04EC0-301F-11D3-BF4B-00C04F79EFBC}") = "1.ReverseStrings", "1.ReverseStrings\1.ReverseStrings.csproj", "{E56DF090-CD97-4DEC-8E66-A2CCDC850257}"
EndProject
Project("{FAE04EC0-301F-11D3-BF4B-00C04F79EFBC}") = "2.SimpleCalculatorr", "2.SimpleCalculatorr\2.SimpleCalculatorr.csproj", "{1E17EC3A-DBFD-4281-99DB-29B76A97F0BF}"
EndProject
Project("{FAE04EC0-301F-11D3-BF4B-00C04F79EFBC}") = "3.DecimalToBinaryConverter", "3.DecimalToBinaryConverter\3.DecimalToBinaryConverter.csproj", "{C14D961F-9BAF-451F-8AE1-563D4988B9E3}"
EndProject
Global
	GlobalSection(SolutionConfigurationPlatforms) = preSolution
		Debug|Any CPU = Debug|Any CPU
		Release|Any CPU = Release|Any CPU
	EndGlobalSection
	GlobalSection(ProjectConfigurationPlatforms) = postSolution
		{AE247706-2D28-4125-AD24-5A16AC028BFA}.Debug|Any CPU.ActiveCfg = Debug|Any CPU
		{AE247706-2D28-4125-AD24-5A16AC028BFA}.Debug|Any CPU.Build.0 = Debug|Any CPU
		{AE247706-2D28-4125-AD24-5A16AC028BFA}.Release|Any CPU.ActiveCfg = Release|Any CPU
		{AE247706-2D28-4125-AD24-5A16AC028BFA}.Release|Any CPU.Build.0 = Release|Any CPU
		{E56DF090-CD97-4DEC-8E66-A2CCDC850257}.Debug|Any CPU.ActiveCfg = Debug|Any CPU
		{E56DF090-CD97-4DEC-8E66-A2CCDC850257}.Debug|Any CPU.Build.0 = Debug|Any CPU
		{E56DF090-CD97-4DEC-8E66-A2CCDC850257}.Release|Any CPU.ActiveCfg = Release|Any CPU
		{E56DF090-CD97-4DEC-8E66-A2CCDC850257}.Release|Any CPU.Build.0 = Release|Any CPU
		{1E17EC3A-DBFD-4281-99DB-29B76A97F0BF}.Debug|Any CPU.ActiveCfg = Debug|Any CPU
		{1E17EC3A-DBFD-4281-99DB-29B76A97F0BF}.Debug|Any CPU.Build.0 = Debug|Any CPU
		{1E17EC3A-DBFD-4281-99DB-29B76A97F0BF}.Release|Any CPU.ActiveCfg = Release|Any CPU
		{1E17EC3A-DBFD-4281-99DB-29B76A97F0BF}.Release|Any CPU.Build.0 = Release|Any CPU
		{C14D961F-9BAF-451F-8AE1-563D4988B9E3}.Debug|Any CPU.ActiveCfg = Debug|Any CPU
		{C14D961F-9BAF-451F-8AE1-563D4988B9E3}.Debug|Any CPU.Build.0 = Debug|Any CPU
		{C14D961F-9BAF-451F-8AE1-563D4988B9E3}.Release|Any CPU.ActiveCfg = Release|Any CPU
		{C14D961F-9BAF-451F-8AE1-563D4988B9E3}.Release|Any CPU.Build.0 = Release|Any CPU
	EndGlobalSection
	GlobalSection(SolutionProperties) = preSolution
		HideSolutionNode = FALSE
	EndGlobalSection
	GlobalSection(ExtensibilityGlobals) = postSolution
		SolutionGuid = {409E9D66-A3C4-48B3-A7FD-292F8EA38D78}
	EndGlobalSection
EndGlobal
