
Microsoft Visual Studio Solution File, Format Version 12.00
# Visual Studio 15
VisualStudioVersion = 15.0.27004.2008
MinimumVisualStudioVersion = 10.0.40219.1
Project("{FAE04EC0-301F-11D3-BF4B-00C04F79EFBC}") = "Polymorphism - Lab", "Polymorphism - Lab\Polymorphism - Lab.csproj", "{024E536F-4F12-494A-9924-B9C9D29917D8}"
EndProject
Project("{FAE04EC0-301F-11D3-BF4B-00C04F79EFBC}") = "01.MathOperations", "01.MathOperations\01.MathOperations.csproj", "{A96A4F80-AF6E-4F5D-A702-96C75C725737}"
EndProject
Project("{FAE04EC0-301F-11D3-BF4B-00C04F79EFBC}") = "02.Animals", "02.Animals\02.Animals.csproj", "{FEC92AD5-917A-425D-8A0B-125F883522AD}"
EndProject
Project("{FAE04EC0-301F-11D3-BF4B-00C04F79EFBC}") = "03.Shapes", "03.Shapes\03.Shapes.csproj", "{FCC2A8E5-9EF5-4E56-B2CE-0A88196F9A6E}"
EndProject
Global
	GlobalSection(SolutionConfigurationPlatforms) = preSolution
		Debug|Any CPU = Debug|Any CPU
		Release|Any CPU = Release|Any CPU
	EndGlobalSection
	GlobalSection(ProjectConfigurationPlatforms) = postSolution
		{024E536F-4F12-494A-9924-B9C9D29917D8}.Debug|Any CPU.ActiveCfg = Debug|Any CPU
		{024E536F-4F12-494A-9924-B9C9D29917D8}.Debug|Any CPU.Build.0 = Debug|Any CPU
		{024E536F-4F12-494A-9924-B9C9D29917D8}.Release|Any CPU.ActiveCfg = Release|Any CPU
		{024E536F-4F12-494A-9924-B9C9D29917D8}.Release|Any CPU.Build.0 = Release|Any CPU
		{A96A4F80-AF6E-4F5D-A702-96C75C725737}.Debug|Any CPU.ActiveCfg = Debug|Any CPU
		{A96A4F80-AF6E-4F5D-A702-96C75C725737}.Debug|Any CPU.Build.0 = Debug|Any CPU
		{A96A4F80-AF6E-4F5D-A702-96C75C725737}.Release|Any CPU.ActiveCfg = Release|Any CPU
		{A96A4F80-AF6E-4F5D-A702-96C75C725737}.Release|Any CPU.Build.0 = Release|Any CPU
		{FEC92AD5-917A-425D-8A0B-125F883522AD}.Debug|Any CPU.ActiveCfg = Debug|Any CPU
		{FEC92AD5-917A-425D-8A0B-125F883522AD}.Debug|Any CPU.Build.0 = Debug|Any CPU
		{FEC92AD5-917A-425D-8A0B-125F883522AD}.Release|Any CPU.ActiveCfg = Release|Any CPU
		{FEC92AD5-917A-425D-8A0B-125F883522AD}.Release|Any CPU.Build.0 = Release|Any CPU
		{FCC2A8E5-9EF5-4E56-B2CE-0A88196F9A6E}.Debug|Any CPU.ActiveCfg = Debug|Any CPU
		{FCC2A8E5-9EF5-4E56-B2CE-0A88196F9A6E}.Debug|Any CPU.Build.0 = Debug|Any CPU
		{FCC2A8E5-9EF5-4E56-B2CE-0A88196F9A6E}.Release|Any CPU.ActiveCfg = Release|Any CPU
		{FCC2A8E5-9EF5-4E56-B2CE-0A88196F9A6E}.Release|Any CPU.Build.0 = Release|Any CPU
	EndGlobalSection
	GlobalSection(SolutionProperties) = preSolution
		HideSolutionNode = FALSE
	EndGlobalSection
	GlobalSection(ExtensibilityGlobals) = postSolution
		SolutionGuid = {36B6755E-E3F0-4E37-BF35-3013A9BB866C}
	EndGlobalSection
EndGlobal
